
Microsoft Visual Studio Solution File, Format Version 12.00
# Visual Studio 15
VisualStudioVersion = 15.0.27130.2027
MinimumVisualStudioVersion = 10.0.40219.1
Project("{8BC9CEB8-8B4A-11D0-8D11-00A0C91BC942}") = "practical2", "practical2\practical2.vcxproj", "{23488444-4165-467B-8340-7A4E6365B69F}"
EndProject
Global
	GlobalSection(SolutionConfigurationPlatforms) = preSolution
		Debug|x64 = Debug|x64
		Debug|x86 = Debug|x86
		Release|x64 = Release|x64
		Release|x86 = Release|x86
	EndGlobalSection
	GlobalSection(ProjectConfigurationPlatforms) = postSolution
		{23488444-4165-467B-8340-7A4E6365B69F}.Debug|x64.ActiveCfg = Debug|x64
		{23488444-4165-467B-8340-7A4E6365B69F}.Debug|x64.Build.0 = Debug|x64
		{23488444-4165-467B-8340-7A4E6365B69F}.Debug|x86.ActiveCfg = Debug|Win32
		{23488444-4165-467B-8340-7A4E6365B69F}.Debug|x86.Build.0 = Debug|Win32
		{23488444-4165-467B-8340-7A4E6365B69F}.Release|x64.ActiveCfg = Release|x64
		{23488444-4165-467B-8340-7A4E6365B69F}.Release|x64.Build.0 = Release|x64
		{23488444-4165-467B-8340-7A4E6365B69F}.Release|x86.ActiveCfg = Release|Win32
		{23488444-4165-467B-8340-7A4E6365B69F}.Release|x86.Build.0 = Release|Win32
	EndGlobalSection
	GlobalSection(SolutionProperties) = preSolution
		HideSolutionNode = FALSE
	EndGlobalSection
	GlobalSection(ExtensibilityGlobals) = postSolution
		SolutionGuid = {781A901F-F6DB-46CA-BCA6-96F8E6026715}
	EndGlobalSection
EndGlobal
